# THIS IS AN AUTOGENERATED FILE. DO NOT EDIT THIS FILE DIRECTLY.
# yarn lockfile v1


"@trevoreyre/autocomplete-js@^3.0.3":
  version "3.0.3"
  resolved "https://registry.yarnpkg.com/@trevoreyre/autocomplete-js/-/autocomplete-js-3.0.3.tgz#29b0d1a6a829c61c5a488c0f6e7872d803935f91"
  integrity sha512-Z0KhA4EtMOixzYOFR+OiMc60IgNy9HkPnVH0kfxFkbP1I4my//sB/MRoPkqKmKgR+qHMujXhjdflMk5TpwVN2Q==
